// !$*UTF8*$!
{
	archiveVersion = 1;
	classes = {
	};
	objectVersion = 50;
	objects = {

/* Begin PBXBuildFile section */
		49E4603B24936CA7001E90A3 /* MemberPageViewController.swift in Sources */ = {isa = PBXBuildFile; fileRef = 49E4603A24936CA7001E90A3 /* MemberPageViewController.swift */; };
		49E46044249373D1001E90A3 /* MemberCollectionViewCell.swift in Sources */ = {isa = PBXBuildFile; fileRef = 49E46042249373D1001E90A3 /* MemberCollectionViewCell.swift */; };
		49E46045249373D1001E90A3 /* MemberCollectionViewCell.xib in Resources */ = {isa = PBXBuildFile; fileRef = 49E46043249373D1001E90A3 /* MemberCollectionViewCell.xib */; };
		49F731E524978424003B0C4B /* FamilyRegisterViewController.swift in Sources */ = {isa = PBXBuildFile; fileRef = 49F731E424978424003B0C4B /* FamilyRegisterViewController.swift */; };
		49FE2FEB2493C79400A6FF4F /* MemberProfileVC.swift in Sources */ = {isa = PBXBuildFile; fileRef = 49FE2FEA2493C79400A6FF4F /* MemberProfileVC.swift */; };
		49FE2FED2493D73100A6FF4F /* ButtonSet.swift in Sources */ = {isa = PBXBuildFile; fileRef = 49FE2FEC2493D73100A6FF4F /* ButtonSet.swift */; };
		49FE2FEF2494D50100A6FF4F /* AddMemberViewController.swift in Sources */ = {isa = PBXBuildFile; fileRef = 49FE2FEE2494D50100A6FF4F /* AddMemberViewController.swift */; };
		F015DB2224975FBB00C42DC5 /* HomeViewController.swift in Sources */ = {isa = PBXBuildFile; fileRef = F015DB2124975FBB00C42DC5 /* HomeViewController.swift */; };
		F015DB2424975FD000C42DC5 /* PopUpViewController.swift in Sources */ = {isa = PBXBuildFile; fileRef = F015DB2324975FD000C42DC5 /* PopUpViewController.swift */; };
		F02D9BC624977D4B0030B04B /* CustomTabBarVC.swift in Sources */ = {isa = PBXBuildFile; fileRef = F02D9BC524977D4B0030B04B /* CustomTabBarVC.swift */; };
		F05007352497B9D400660273 /* NC3.mp3 in Resources */ = {isa = PBXBuildFile; fileRef = F05007342497B9D400660273 /* NC3.mp3 */; };
		F051DAA62497142E00CE46A1 /* QuestVC.swift in Sources */ = {isa = PBXBuildFile; fileRef = F051DAA52497142E00CE46A1 /* QuestVC.swift */; };
		F051DAA9249747AC00CE46A1 /* QuestTableViewCell.swift in Sources */ = {isa = PBXBuildFile; fileRef = F051DAA7249747AC00CE46A1 /* QuestTableViewCell.swift */; };
		F085C40B2491E0680086380E /* AppDelegate.swift in Sources */ = {isa = PBXBuildFile; fileRef = F085C40A2491E0680086380E /* AppDelegate.swift */; };
		F085C40D2491E0680086380E /* SceneDelegate.swift in Sources */ = {isa = PBXBuildFile; fileRef = F085C40C2491E0680086380E /* SceneDelegate.swift */; };
		F085C40F2491E0680086380E /* ViewController.swift in Sources */ = {isa = PBXBuildFile; fileRef = F085C40E2491E0680086380E /* ViewController.swift */; };
		F085C4122491E0680086380E /* Main.storyboard in Resources */ = {isa = PBXBuildFile; fileRef = F085C4102491E0680086380E /* Main.storyboard */; };
		F085C4152491E0680086380E /* GrowFam.xcdatamodeld in Sources */ = {isa = PBXBuildFile; fileRef = F085C4132491E0680086380E /* GrowFam.xcdatamodeld */; };
		F085C4172491E0690086380E /* Assets.xcassets in Resources */ = {isa = PBXBuildFile; fileRef = F085C4162491E0690086380E /* Assets.xcassets */; };
		F085C41A2491E0690086380E /* LaunchScreen.storyboard in Resources */ = {isa = PBXBuildFile; fileRef = F085C4182491E0690086380E /* LaunchScreen.storyboard */; };
		F0D869F4249638EA007CDB7F /* AchievementVC.swift in Sources */ = {isa = PBXBuildFile; fileRef = F0D869F3249638EA007CDB7F /* AchievementVC.swift */; };
/* End PBXBuildFile section */

/* Begin PBXFileReference section */
		49E4603A24936CA7001E90A3 /* MemberPageViewController.swift */ = {isa = PBXFileReference; lastKnownFileType = sourcecode.swift; path = MemberPageViewController.swift; sourceTree = "<group>"; };
		49E46042249373D1001E90A3 /* MemberCollectionViewCell.swift */ = {isa = PBXFileReference; lastKnownFileType = sourcecode.swift; path = MemberCollectionViewCell.swift; sourceTree = "<group>"; };
		49E46043249373D1001E90A3 /* MemberCollectionViewCell.xib */ = {isa = PBXFileReference; lastKnownFileType = file.xib; path = MemberCollectionViewCell.xib; sourceTree = "<group>"; };
		49F731E424978424003B0C4B /* FamilyRegisterViewController.swift */ = {isa = PBXFileReference; lastKnownFileType = sourcecode.swift; path = FamilyRegisterViewController.swift; sourceTree = "<group>"; };
		49FE2FEA2493C79400A6FF4F /* MemberProfileVC.swift */ = {isa = PBXFileReference; lastKnownFileType = sourcecode.swift; path = MemberProfileVC.swift; sourceTree = "<group>"; };
		49FE2FEC2493D73100A6FF4F /* ButtonSet.swift */ = {isa = PBXFileReference; lastKnownFileType = sourcecode.swift; path = ButtonSet.swift; sourceTree = "<group>"; };
		49FE2FEE2494D50100A6FF4F /* AddMemberViewController.swift */ = {isa = PBXFileReference; lastKnownFileType = sourcecode.swift; path = AddMemberViewController.swift; sourceTree = "<group>"; };
		F015DB2124975FBB00C42DC5 /* HomeViewController.swift */ = {isa = PBXFileReference; lastKnownFileType = sourcecode.swift; path = HomeViewController.swift; sourceTree = "<group>"; };
		F015DB2324975FD000C42DC5 /* PopUpViewController.swift */ = {isa = PBXFileReference; lastKnownFileType = sourcecode.swift; path = PopUpViewController.swift; sourceTree = "<group>"; };
		F02D9BC524977D4B0030B04B /* CustomTabBarVC.swift */ = {isa = PBXFileReference; lastKnownFileType = sourcecode.swift; path = CustomTabBarVC.swift; sourceTree = "<group>"; };
		F05007342497B9D400660273 /* NC3.mp3 */ = {isa = PBXFileReference; lastKnownFileType = audio.mp3; path = NC3.mp3; sourceTree = "<group>"; };
		F051DAA52497142E00CE46A1 /* QuestVC.swift */ = {isa = PBXFileReference; lastKnownFileType = sourcecode.swift; path = QuestVC.swift; sourceTree = "<group>"; };
		F051DAA7249747AC00CE46A1 /* QuestTableViewCell.swift */ = {isa = PBXFileReference; lastKnownFileType = sourcecode.swift; path = QuestTableViewCell.swift; sourceTree = "<group>"; };
		F085C4072491E0680086380E /* GrowFam.app */ = {isa = PBXFileReference; explicitFileType = wrapper.application; includeInIndex = 0; path = GrowFam.app; sourceTree = BUILT_PRODUCTS_DIR; };
		F085C40A2491E0680086380E /* AppDelegate.swift */ = {isa = PBXFileReference; lastKnownFileType = sourcecode.swift; path = AppDelegate.swift; sourceTree = "<group>"; };
		F085C40C2491E0680086380E /* SceneDelegate.swift */ = {isa = PBXFileReference; lastKnownFileType = sourcecode.swift; path = SceneDelegate.swift; sourceTree = "<group>"; };
		F085C40E2491E0680086380E /* ViewController.swift */ = {isa = PBXFileReference; lastKnownFileType = sourcecode.swift; path = ViewController.swift; sourceTree = "<group>"; };
		F085C4112491E0680086380E /* Base */ = {isa = PBXFileReference; lastKnownFileType = file.storyboard; name = Base; path = Base.lproj/Main.storyboard; sourceTree = "<group>"; };
		F085C4142491E0680086380E /* GrowFam.xcdatamodel */ = {isa = PBXFileReference; lastKnownFileType = wrapper.xcdatamodel; path = GrowFam.xcdatamodel; sourceTree = "<group>"; };
		F085C4162491E0690086380E /* Assets.xcassets */ = {isa = PBXFileReference; lastKnownFileType = folder.assetcatalog; path = Assets.xcassets; sourceTree = "<group>"; };
		F085C4192491E0690086380E /* Base */ = {isa = PBXFileReference; lastKnownFileType = file.storyboard; name = Base; path = Base.lproj/LaunchScreen.storyboard; sourceTree = "<group>"; };
		F085C41B2491E0690086380E /* Info.plist */ = {isa = PBXFileReference; lastKnownFileType = text.plist.xml; path = Info.plist; sourceTree = "<group>"; };
		F0D869F3249638EA007CDB7F /* AchievementVC.swift */ = {isa = PBXFileReference; lastKnownFileType = sourcecode.swift; path = AchievementVC.swift; sourceTree = "<group>"; };
/* End PBXFileReference section */

/* Begin PBXFrameworksBuildPhase section */
		F085C4042491E0680086380E /* Frameworks */ = {
			isa = PBXFrameworksBuildPhase;
			buildActionMask = 2147483647;
			files = (
			);
			runOnlyForDeploymentPostprocessing = 0;
		};
/* End PBXFrameworksBuildPhase section */

/* Begin PBXGroup section */
		F05007332497B7E100660273 /* Sounds */ = {
			isa = PBXGroup;
			children = (
				F05007342497B9D400660273 /* NC3.mp3 */,
			);
			path = Sounds;
			sourceTree = "<group>";
		};
		F085C3FE2491E0680086380E = {
			isa = PBXGroup;
			children = (
				F085C4092491E0680086380E /* GrowFam */,
				F085C4082491E0680086380E /* Products */,
			);
			sourceTree = "<group>";
		};
		F085C4082491E0680086380E /* Products */ = {
			isa = PBXGroup;
			children = (
				F085C4072491E0680086380E /* GrowFam.app */,
			);
			name = Products;
			sourceTree = "<group>";
		};
		F085C4092491E0680086380E /* GrowFam */ = {
			isa = PBXGroup;
			children = (
				F05007332497B7E100660273 /* Sounds */,
				F085C40A2491E0680086380E /* AppDelegate.swift */,
				F085C40C2491E0680086380E /* SceneDelegate.swift */,
				F085C40E2491E0680086380E /* ViewController.swift */,
				F085C4102491E0680086380E /* Main.storyboard */,
				49F731E424978424003B0C4B /* FamilyRegisterViewController.swift */,
				49FE2FEC2493D73100A6FF4F /* ButtonSet.swift */,
				49FE2FEE2494D50100A6FF4F /* AddMemberViewController.swift */,
				49FE2FEA2493C79400A6FF4F /* MemberProfileVC.swift */,
				49E4603A24936CA7001E90A3 /* MemberPageViewController.swift */,
				49E46042249373D1001E90A3 /* MemberCollectionViewCell.swift */,
				49E46043249373D1001E90A3 /* MemberCollectionViewCell.xib */,
				F085C4162491E0690086380E /* Assets.xcassets */,
				F085C4182491E0690086380E /* LaunchScreen.storyboard */,
				F085C41B2491E0690086380E /* Info.plist */,
				F085C4132491E0680086380E /* GrowFam.xcdatamodeld */,
				F0D869F3249638EA007CDB7F /* AchievementVC.swift */,
				F051DAA52497142E00CE46A1 /* QuestVC.swift */,
				F051DAA7249747AC00CE46A1 /* QuestTableViewCell.swift */,
				F015DB2124975FBB00C42DC5 /* HomeViewController.swift */,
				F015DB2324975FD000C42DC5 /* PopUpViewController.swift */,
				F02D9BC524977D4B0030B04B /* CustomTabBarVC.swift */,
			);
			path = GrowFam;
			sourceTree = "<group>";
		};
/* End PBXGroup section */

/* Begin PBXNativeTarget section */
		F085C4062491E0680086380E /* GrowFam */ = {
			isa = PBXNativeTarget;
			buildConfigurationList = F085C41E2491E0690086380E /* Build configuration list for PBXNativeTarget "GrowFam" */;
			buildPhases = (
				F085C4032491E0680086380E /* Sources */,
				F085C4042491E0680086380E /* Frameworks */,
				F085C4052491E0680086380E /* Resources */,
			);
			buildRules = (
			);
			dependencies = (
			);
			name = GrowFam;
			productName = GrowFam;
			productReference = F085C4072491E0680086380E /* GrowFam.app */;
			productType = "com.apple.product-type.application";
		};
/* End PBXNativeTarget section */

/* Begin PBXProject section */
		F085C3FF2491E0680086380E /* Project object */ = {
			isa = PBXProject;
			attributes = {
				LastSwiftUpdateCheck = 1150;
				LastUpgradeCheck = 1150;
				ORGANIZATIONNAME = GAA;
				TargetAttributes = {
					F085C4062491E0680086380E = {
						CreatedOnToolsVersion = 11.5;
					};
				};
			};
			buildConfigurationList = F085C4022491E0680086380E /* Build configuration list for PBXProject "GrowFam" */;
			compatibilityVersion = "Xcode 9.3";
			developmentRegion = en;
			hasScannedForEncodings = 0;
			knownRegions = (
				en,
				Base,
			);
			mainGroup = F085C3FE2491E0680086380E;
			productRefGroup = F085C4082491E0680086380E /* Products */;
			projectDirPath = "";
			projectRoot = "";
			targets = (
				F085C4062491E0680086380E /* GrowFam */,
			);
		};
/* End PBXProject section */

/* Begin PBXResourcesBuildPhase section */
		F085C4052491E0680086380E /* Resources */ = {
			isa = PBXResourcesBuildPhase;
			buildActionMask = 2147483647;
			files = (
				49E46045249373D1001E90A3 /* MemberCollectionViewCell.xib in Resources */,
				F085C41A2491E0690086380E /* LaunchScreen.storyboard in Resources */,
				F05007352497B9D400660273 /* NC3.mp3 in Resources */,
				F085C4172491E0690086380E /* Assets.xcassets in Resources */,
				F085C4122491E0680086380E /* Main.storyboard in Resources */,
			);
			runOnlyForDeploymentPostprocessing = 0;
		};
/* End PBXResourcesBuildPhase section */

/* Begin PBXSourcesBuildPhase section */
		F085C4032491E0680086380E /* Sources */ = {
			isa = PBXSourcesBuildPhase;
			buildActionMask = 2147483647;
			files = (
				49E46044249373D1001E90A3 /* MemberCollectionViewCell.swift in Sources */,
				F051DAA9249747AC00CE46A1 /* QuestTableViewCell.swift in Sources */,
				F085C40F2491E0680086380E /* ViewController.swift in Sources */,
				F02D9BC624977D4B0030B04B /* CustomTabBarVC.swift in Sources */,
				49FE2FED2493D73100A6FF4F /* ButtonSet.swift in Sources */,
				49FE2FEF2494D50100A6FF4F /* AddMemberViewController.swift in Sources */,
				F085C40B2491E0680086380E /* AppDelegate.swift in Sources */,
				F051DAA62497142E00CE46A1 /* QuestVC.swift in Sources */,
				F0D869F4249638EA007CDB7F /* AchievementVC.swift in Sources */,
				F085C40D2491E0680086380E /* SceneDelegate.swift in Sources */,
				F015DB2424975FD000C42DC5 /* PopUpViewController.swift in Sources */,
				49F731E524978424003B0C4B /* FamilyRegisterViewController.swift in Sources */,
				F015DB2224975FBB00C42DC5 /* HomeViewController.swift in Sources */,
				49E4603B24936CA7001E90A3 /* MemberPageViewController.swift in Sources */,
				F085C4152491E0680086380E /* GrowFam.xcdatamodeld in Sources */,
				49FE2FEB2493C79400A6FF4F /* MemberProfileVC.swift in Sources */,
			);
			runOnlyForDeploymentPostprocessing = 0;
		};
/* End PBXSourcesBuildPhase section */

/* Begin PBXVariantGroup section */
		F085C4102491E0680086380E /* Main.storyboard */ = {
			isa = PBXVariantGroup;
			children = (
				F085C4112491E0680086380E /* Base */,
			);
			name = Main.storyboard;
			sourceTree = "<group>";
		};
		F085C4182491E0690086380E /* LaunchScreen.storyboard */ = {
			isa = PBXVariantGroup;
			children = (
				F085C4192491E0690086380E /* Base */,
			);
			name = LaunchScreen.storyboard;
			sourceTree = "<group>";
		};
/* End PBXVariantGroup section */

/* Begin XCBuildConfiguration section */
		F085C41C2491E0690086380E /* Debug */ = {
			isa = XCBuildConfiguration;
			buildSettings = {
				ALWAYS_SEARCH_USER_PATHS = NO;
				CLANG_ANALYZER_NONNULL = YES;
				CLANG_ANALYZER_NUMBER_OBJECT_CONVERSION = YES_AGGRESSIVE;
				CLANG_CXX_LANGUAGE_STANDARD = "gnu++14";
				CLANG_CXX_LIBRARY = "libc++";
				CLANG_ENABLE_MODULES = YES;
				CLANG_ENABLE_OBJC_ARC = YES;
				CLANG_ENABLE_OBJC_WEAK = YES;
				CLANG_WARN_BLOCK_CAPTURE_AUTORELEASING = YES;
				CLANG_WARN_BOOL_CONVERSION = YES;
				CLANG_WARN_COMMA = YES;
				CLANG_WARN_CONSTANT_CONVERSION = YES;
				CLANG_WARN_DEPRECATED_OBJC_IMPLEMENTATIONS = YES;
				CLANG_WARN_DIRECT_OBJC_ISA_USAGE = YES_ERROR;
				CLANG_WARN_DOCUMENTATION_COMMENTS = YES;
				CLANG_WARN_EMPTY_BODY = YES;
				CLANG_WARN_ENUM_CONVERSION = YES;
				CLANG_WARN_INFINITE_RECURSION = YES;
				CLANG_WARN_INT_CONVERSION = YES;
				CLANG_WARN_NON_LITERAL_NULL_CONVERSION = YES;
				CLANG_WARN_OBJC_IMPLICIT_RETAIN_SELF = YES;
				CLANG_WARN_OBJC_LITERAL_CONVERSION = YES;
				CLANG_WARN_OBJC_ROOT_CLASS = YES_ERROR;
				CLANG_WARN_RANGE_LOOP_ANALYSIS = YES;
				CLANG_WARN_STRICT_PROTOTYPES = YES;
				CLANG_WARN_SUSPICIOUS_MOVE = YES;
				CLANG_WARN_UNGUARDED_AVAILABILITY = YES_AGGRESSIVE;
				CLANG_WARN_UNREACHABLE_CODE = YES;
				CLANG_WARN__DUPLICATE_METHOD_MATCH = YES;
				COPY_PHASE_STRIP = NO;
				DEBUG_INFORMATION_FORMAT = dwarf;
				ENABLE_STRICT_OBJC_MSGSEND = YES;
				ENABLE_TESTABILITY = YES;
				GCC_C_LANGUAGE_STANDARD = gnu11;
				GCC_DYNAMIC_NO_PIC = NO;
				GCC_NO_COMMON_BLOCKS = YES;
				GCC_OPTIMIZATION_LEVEL = 0;
				GCC_PREPROCESSOR_DEFINITIONS = (
					"DEBUG=1",
					"$(inherited)",
				);
				GCC_WARN_64_TO_32_BIT_CONVERSION = YES;
				GCC_WARN_ABOUT_RETURN_TYPE = YES_ERROR;
				GCC_WARN_UNDECLARED_SELECTOR = YES;
				GCC_WARN_UNINITIALIZED_AUTOS = YES_AGGRESSIVE;
				GCC_WARN_UNUSED_FUNCTION = YES;
				GCC_WARN_UNUSED_VARIABLE = YES;
				IPHONEOS_DEPLOYMENT_TARGET = 13.5;
				MTL_ENABLE_DEBUG_INFO = INCLUDE_SOURCE;
				MTL_FAST_MATH = YES;
				ONLY_ACTIVE_ARCH = YES;
				SDKROOT = iphoneos;
				SWIFT_ACTIVE_COMPILATION_CONDITIONS = DEBUG;
				SWIFT_OPTIMIZATION_LEVEL = "-Onone";
			};
			name = Debug;
		};
		F085C41D2491E0690086380E /* Release */ = {
			isa = XCBuildConfiguration;
			buildSettings = {
				ALWAYS_SEARCH_USER_PATHS = NO;
				CLANG_ANALYZER_NONNULL = YES;
				CLANG_ANALYZER_NUMBER_OBJECT_CONVERSION = YES_AGGRESSIVE;
				CLANG_CXX_LANGUAGE_STANDARD = "gnu++14";
				CLANG_CXX_LIBRARY = "libc++";
				CLANG_ENABLE_MODULES = YES;
				CLANG_ENABLE_OBJC_ARC = YES;
				CLANG_ENABLE_OBJC_WEAK = YES;
				CLANG_WARN_BLOCK_CAPTURE_AUTORELEASING = YES;
				CLANG_WARN_BOOL_CONVERSION = YES;
				CLANG_WARN_COMMA = YES;
				CLANG_WARN_CONSTANT_CONVERSION = YES;
				CLANG_WARN_DEPRECATED_OBJC_IMPLEMENTATIONS = YES;
				CLANG_WARN_DIRECT_OBJC_ISA_USAGE = YES_ERROR;
				CLANG_WARN_DOCUMENTATION_COMMENTS = YES;
				CLANG_WARN_EMPTY_BODY = YES;
				CLANG_WARN_ENUM_CONVERSION = YES;
				CLANG_WARN_INFINITE_RECURSION = YES;
				CLANG_WARN_INT_CONVERSION = YES;
				CLANG_WARN_NON_LITERAL_NULL_CONVERSION = YES;
				CLANG_WARN_OBJC_IMPLICIT_RETAIN_SELF = YES;
				CLANG_WARN_OBJC_LITERAL_CONVERSION = YES;
				CLANG_WARN_OBJC_ROOT_CLASS = YES_ERROR;
				CLANG_WARN_RANGE_LOOP_ANALYSIS = YES;
				CLANG_WARN_STRICT_PROTOTYPES = YES;
				CLANG_WARN_SUSPICIOUS_MOVE = YES;
				CLANG_WARN_UNGUARDED_AVAILABILITY = YES_AGGRESSIVE;
				CLANG_WARN_UNREACHABLE_CODE = YES;
				CLANG_WARN__DUPLICATE_METHOD_MATCH = YES;
				COPY_PHASE_STRIP = NO;
				DEBUG_INFORMATION_FORMAT = "dwarf-with-dsym";
				ENABLE_NS_ASSERTIONS = NO;
				ENABLE_STRICT_OBJC_MSGSEND = YES;
				GCC_C_LANGUAGE_STANDARD = gnu11;
				GCC_NO_COMMON_BLOCKS = YES;
				GCC_WARN_64_TO_32_BIT_CONVERSION = YES;
				GCC_WARN_ABOUT_RETURN_TYPE = YES_ERROR;
				GCC_WARN_UNDECLARED_SELECTOR = YES;
				GCC_WARN_UNINITIALIZED_AUTOS = YES_AGGRESSIVE;
				GCC_WARN_UNUSED_FUNCTION = YES;
				GCC_WARN_UNUSED_VARIABLE = YES;
				IPHONEOS_DEPLOYMENT_TARGET = 13.5;
				MTL_ENABLE_DEBUG_INFO = NO;
				MTL_FAST_MATH = YES;
				SDKROOT = iphoneos;
				SWIFT_COMPILATION_MODE = wholemodule;
				SWIFT_OPTIMIZATION_LEVEL = "-O";
				VALIDATE_PRODUCT = YES;
			};
			name = Release;
		};
		F085C41F2491E0690086380E /* Debug */ = {
			isa = XCBuildConfiguration;
			buildSettings = {
				ASSETCATALOG_COMPILER_APPICON_NAME = AppIcon;
				CODE_SIGN_STYLE = Automatic;
				INFOPLIST_FILE = GrowFam/Info.plist;
				IPHONEOS_DEPLOYMENT_TARGET = 13.4;
				LD_RUNPATH_SEARCH_PATHS = (
					"$(inherited)",
					"@executable_path/Frameworks",
				);
				PRODUCT_BUNDLE_IDENTIFIER = com.gaa.GrowFam;
				PRODUCT_NAME = "$(TARGET_NAME)";
				SWIFT_VERSION = 5.0;
				TARGETED_DEVICE_FAMILY = 1;
			};
			name = Debug;
		};
		F085C4202491E0690086380E /* Release */ = {
			isa = XCBuildConfiguration;
			buildSettings = {
				ASSETCATALOG_COMPILER_APPICON_NAME = AppIcon;
				CODE_SIGN_STYLE = Automatic;
				INFOPLIST_FILE = GrowFam/Info.plist;
				IPHONEOS_DEPLOYMENT_TARGET = 13.4;
				LD_RUNPATH_SEARCH_PATHS = (
					"$(inherited)",
					"@executable_path/Frameworks",
				);
				PRODUCT_BUNDLE_IDENTIFIER = com.gaa.GrowFam;
				PRODUCT_NAME = "$(TARGET_NAME)";
				SWIFT_VERSION = 5.0;
				TARGETED_DEVICE_FAMILY = 1;
			};
			name = Release;
		};
/* End XCBuildConfiguration section */

/* Begin XCConfigurationList section */
		F085C4022491E0680086380E /* Build configuration list for PBXProject "GrowFam" */ = {
			isa = XCConfigurationList;
			buildConfigurations = (
				F085C41C2491E0690086380E /* Debug */,
				F085C41D2491E0690086380E /* Release */,
			);
			defaultConfigurationIsVisible = 0;
			defaultConfigurationName = Release;
		};
		F085C41E2491E0690086380E /* Build configuration list for PBXNativeTarget "GrowFam" */ = {
			isa = XCConfigurationList;
			buildConfigurations = (
				F085C41F2491E0690086380E /* Debug */,
				F085C4202491E0690086380E /* Release */,
			);
			defaultConfigurationIsVisible = 0;
			defaultConfigurationName = Release;
		};
/* End XCConfigurationList section */

/* Begin XCVersionGroup section */
		F085C4132491E0680086380E /* GrowFam.xcdatamodeld */ = {
			isa = XCVersionGroup;
			children = (
				F085C4142491E0680086380E /* GrowFam.xcdatamodel */,
			);
			currentVersion = F085C4142491E0680086380E /* GrowFam.xcdatamodel */;
			path = GrowFam.xcdatamodeld;
			sourceTree = "<group>";
			versionGroupType = wrapper.xcdatamodel;
		};
/* End XCVersionGroup section */
	};
	rootObject = F085C3FF2491E0680086380E /* Project object */;
}
